// !$*UTF8*$!
{
	archiveVersion = 1;
	classes = {
	};
	objectVersion = 56;
	objects = {

/* Begin PBXBuildFile section */
		4835301629D86C0A00891DFF /* TimeFormatting.swift in Sources */ = {isa = PBXBuildFile; fileRef = 4835301529D86C0A00891DFF /* TimeFormatting.swift */; };
		4835301A29D8828000891DFF /* CircleProgressBar.swift in Sources */ = {isa = PBXBuildFile; fileRef = 4835301929D8828000891DFF /* CircleProgressBar.swift */; };
		483D024C29D92EE300B81B5A /* FirebaseAuth in Frameworks */ = {isa = PBXBuildFile; productRef = 483D024B29D92EE300B81B5A /* FirebaseAuth */; };
		483D024E29D92EE300B81B5A /* FirebaseFirestore in Frameworks */ = {isa = PBXBuildFile; productRef = 483D024D29D92EE300B81B5A /* FirebaseFirestore */; };
		483D025029D930E200B81B5A /* GoogleService-Info.plist in Resources */ = {isa = PBXBuildFile; fileRef = 483D024F29D930E200B81B5A /* GoogleService-Info.plist */; };
		483D025429D934C900B81B5A /* AuthManager.swift in Sources */ = {isa = PBXBuildFile; fileRef = 483D025329D934C900B81B5A /* AuthManager.swift */; };
		483D025A29D9396000B81B5A /* SMSCodeViewController.swift in Sources */ = {isa = PBXBuildFile; fileRef = 483D025929D9396000B81B5A /* SMSCodeViewController.swift */; };
		48989F8D29D326FC007F19AF /* CalorieTrackerApp.swift in Sources */ = {isa = PBXBuildFile; fileRef = 48989F8C29D326FC007F19AF /* CalorieTrackerApp.swift */; };
		48989F8F29D326FC007F19AF /* ContentView.swift in Sources */ = {isa = PBXBuildFile; fileRef = 48989F8E29D326FC007F19AF /* ContentView.swift */; };
		48989F9129D326FD007F19AF /* Assets.xcassets in Resources */ = {isa = PBXBuildFile; fileRef = 48989F9029D326FD007F19AF /* Assets.xcassets */; };
		48989F9429D326FD007F19AF /* Preview Assets.xcassets in Resources */ = {isa = PBXBuildFile; fileRef = 48989F9329D326FD007F19AF /* Preview Assets.xcassets */; };
		48989F9B29D33875007F19AF /* CalorieTracker.swift in Sources */ = {isa = PBXBuildFile; fileRef = 48989F9A29D33875007F19AF /* CalorieTracker.swift */; };
		48989F9D29D33886007F19AF /* TrackerModel.swift in Sources */ = {isa = PBXBuildFile; fileRef = 48989F9C29D33886007F19AF /* TrackerModel.swift */; };
		48A1DF0129D466230087E007 /* NavBar.swift in Sources */ = {isa = PBXBuildFile; fileRef = 48A1DF0029D466230087E007 /* NavBar.swift */; };
		48C4E3B029D8D8890093A846 /* AddMealView.swift in Sources */ = {isa = PBXBuildFile; fileRef = 48C4E3AF29D8D8890093A846 /* AddMealView.swift */; };
		48C4E3B229D8D9080093A846 /* DetailedView.swift in Sources */ = {isa = PBXBuildFile; fileRef = 48C4E3B129D8D9080093A846 /* DetailedView.swift */; };
		48D12D9429D76F77002B66E5 /* MealModel.xcdatamodeld in Sources */ = {isa = PBXBuildFile; fileRef = 48D12D9229D76F77002B66E5 /* MealModel.xcdatamodeld */; };
/* End PBXBuildFile section */

/* Begin PBXFileReference section */
		4835301529D86C0A00891DFF /* TimeFormatting.swift */ = {isa = PBXFileReference; lastKnownFileType = sourcecode.swift; path = TimeFormatting.swift; sourceTree = "<group>"; };
		4835301929D8828000891DFF /* CircleProgressBar.swift */ = {isa = PBXFileReference; lastKnownFileType = sourcecode.swift; path = CircleProgressBar.swift; sourceTree = "<group>"; };
		483D024F29D930E200B81B5A /* GoogleService-Info.plist */ = {isa = PBXFileReference; fileEncoding = 4; lastKnownFileType = text.plist.xml; path = "GoogleService-Info.plist"; sourceTree = "<group>"; };
		483D025329D934C900B81B5A /* AuthManager.swift */ = {isa = PBXFileReference; lastKnownFileType = sourcecode.swift; path = AuthManager.swift; sourceTree = "<group>"; };
		483D025929D9396000B81B5A /* SMSCodeViewController.swift */ = {isa = PBXFileReference; lastKnownFileType = sourcecode.swift; path = SMSCodeViewController.swift; sourceTree = "<group>"; };
		485F8A4C29D4CA0C001C9C29 /* Ongry-Info.plist */ = {isa = PBXFileReference; lastKnownFileType = text.plist; path = "Ongry-Info.plist"; sourceTree = "<group>"; };
		48989F8929D326FC007F19AF /* Ongry.app */ = {isa = PBXFileReference; explicitFileType = wrapper.application; includeInIndex = 0; path = Ongry.app; sourceTree = BUILT_PRODUCTS_DIR; };
		48989F8C29D326FC007F19AF /* CalorieTrackerApp.swift */ = {isa = PBXFileReference; lastKnownFileType = sourcecode.swift; path = CalorieTrackerApp.swift; sourceTree = "<group>"; };
		48989F8E29D326FC007F19AF /* ContentView.swift */ = {isa = PBXFileReference; lastKnownFileType = sourcecode.swift; path = ContentView.swift; sourceTree = "<group>"; };
		48989F9029D326FD007F19AF /* Assets.xcassets */ = {isa = PBXFileReference; lastKnownFileType = folder.assetcatalog; path = Assets.xcassets; sourceTree = "<group>"; };
		48989F9329D326FD007F19AF /* Preview Assets.xcassets */ = {isa = PBXFileReference; lastKnownFileType = folder.assetcatalog; path = "Preview Assets.xcassets"; sourceTree = "<group>"; };
		48989F9A29D33875007F19AF /* CalorieTracker.swift */ = {isa = PBXFileReference; lastKnownFileType = sourcecode.swift; path = CalorieTracker.swift; sourceTree = "<group>"; };
		48989F9C29D33886007F19AF /* TrackerModel.swift */ = {isa = PBXFileReference; lastKnownFileType = sourcecode.swift; path = TrackerModel.swift; sourceTree = "<group>"; };
		48A1DF0029D466230087E007 /* NavBar.swift */ = {isa = PBXFileReference; lastKnownFileType = sourcecode.swift; path = NavBar.swift; sourceTree = "<group>"; };
		48C4E3AF29D8D8890093A846 /* AddMealView.swift */ = {isa = PBXFileReference; lastKnownFileType = sourcecode.swift; path = AddMealView.swift; sourceTree = "<group>"; };
		48C4E3B129D8D9080093A846 /* DetailedView.swift */ = {isa = PBXFileReference; lastKnownFileType = sourcecode.swift; path = DetailedView.swift; sourceTree = "<group>"; };
		48D12D9329D76F77002B66E5 /* MealModel.xcdatamodel */ = {isa = PBXFileReference; lastKnownFileType = wrapper.xcdatamodel; path = MealModel.xcdatamodel; sourceTree = "<group>"; };
/* End PBXFileReference section */

/* Begin PBXFrameworksBuildPhase section */
		48989F8629D326FC007F19AF /* Frameworks */ = {
			isa = PBXFrameworksBuildPhase;
			buildActionMask = 2147483647;
			files = (
				483D024C29D92EE300B81B5A /* FirebaseAuth in Frameworks */,
				483D024E29D92EE300B81B5A /* FirebaseFirestore in Frameworks */,
			);
			runOnlyForDeploymentPostprocessing = 0;
		};
/* End PBXFrameworksBuildPhase section */

/* Begin PBXGroup section */
		48989F8029D326FC007F19AF = {
			isa = PBXGroup;
			children = (
				485F8A4C29D4CA0C001C9C29 /* Ongry-Info.plist */,
				48989F8B29D326FC007F19AF /* CalorieTracker */,
				48989F8A29D326FC007F19AF /* Products */,
			);
			sourceTree = "<group>";
		};
		48989F8A29D326FC007F19AF /* Products */ = {
			isa = PBXGroup;
			children = (
				48989F8929D326FC007F19AF /* Ongry.app */,
			);
			name = Products;
			sourceTree = "<group>";
		};
		48989F8B29D326FC007F19AF /* CalorieTracker */ = {
			isa = PBXGroup;
			children = (
				48989F8C29D326FC007F19AF /* CalorieTrackerApp.swift */,
				483D025329D934C900B81B5A /* AuthManager.swift */,
				483D024F29D930E200B81B5A /* GoogleService-Info.plist */,
				48989F9A29D33875007F19AF /* CalorieTracker.swift */,
				48D12D9529D77142002B66E5 /* Views */,
				48D12D9129D76F0F002B66E5 /* Data Model */,
				48989F9029D326FD007F19AF /* Assets.xcassets */,
				48989F9229D326FD007F19AF /* Preview Content */,
			);
			path = CalorieTracker;
			sourceTree = "<group>";
		};
		48989F9229D326FD007F19AF /* Preview Content */ = {
			isa = PBXGroup;
			children = (
				48989F9329D326FD007F19AF /* Preview Assets.xcassets */,
			);
			path = "Preview Content";
			sourceTree = "<group>";
		};
		48D12D9129D76F0F002B66E5 /* Data Model */ = {
			isa = PBXGroup;
			children = (
				48D12D9229D76F77002B66E5 /* MealModel.xcdatamodeld */,
				4835301529D86C0A00891DFF /* TimeFormatting.swift */,
				48989F9C29D33886007F19AF /* TrackerModel.swift */,
			);
			path = "Data Model";
			sourceTree = "<group>";
		};
		48D12D9529D77142002B66E5 /* Views */ = {
			isa = PBXGroup;
			children = (
				48A1DF0029D466230087E007 /* NavBar.swift */,
				48989F8E29D326FC007F19AF /* ContentView.swift */,
				48C4E3B129D8D9080093A846 /* DetailedView.swift */,
				4835301929D8828000891DFF /* CircleProgressBar.swift */,
				48C4E3AF29D8D8890093A846 /* AddMealView.swift */,
				483D025929D9396000B81B5A /* SMSCodeViewController.swift */,
			);
			path = Views;
			sourceTree = "<group>";
		};
/* End PBXGroup section */

/* Begin PBXNativeTarget section */
		48989F8829D326FC007F19AF /* Ongry */ = {
			isa = PBXNativeTarget;
			buildConfigurationList = 48989F9729D326FD007F19AF /* Build configuration list for PBXNativeTarget "Ongry" */;
			buildPhases = (
				48989F8529D326FC007F19AF /* Sources */,
				48989F8629D326FC007F19AF /* Frameworks */,
				48989F8729D326FC007F19AF /* Resources */,
			);
			buildRules = (
			);
			dependencies = (
			);
			name = Ongry;
			packageProductDependencies = (
				483D024B29D92EE300B81B5A /* FirebaseAuth */,
				483D024D29D92EE300B81B5A /* FirebaseFirestore */,
			);
			productName = CalorieTracker;
			productReference = 48989F8929D326FC007F19AF /* Ongry.app */;
			productType = "com.apple.product-type.application";
		};
/* End PBXNativeTarget section */

/* Begin PBXProject section */
		48989F8129D326FC007F19AF /* Project object */ = {
			isa = PBXProject;
			attributes = {
				BuildIndependentTargetsInParallel = 1;
				LastSwiftUpdateCheck = 1420;
				LastUpgradeCheck = 1420;
				TargetAttributes = {
					48989F8829D326FC007F19AF = {
						CreatedOnToolsVersion = 14.2;
					};
				};
			};
			buildConfigurationList = 48989F8429D326FC007F19AF /* Build configuration list for PBXProject "Ongry" */;
			compatibilityVersion = "Xcode 14.0";
			developmentRegion = en;
			hasScannedForEncodings = 0;
			knownRegions = (
				en,
				Base,
			);
			mainGroup = 48989F8029D326FC007F19AF;
			packageReferences = (
				483D024A29D92EE300B81B5A /* XCRemoteSwiftPackageReference "firebase-ios-sdk" */,
			);
			productRefGroup = 48989F8A29D326FC007F19AF /* Products */;
			projectDirPath = "";
			projectRoot = "";
			targets = (
				48989F8829D326FC007F19AF /* Ongry */,
			);
		};
/* End PBXProject section */

/* Begin PBXResourcesBuildPhase section */
		48989F8729D326FC007F19AF /* Resources */ = {
			isa = PBXResourcesBuildPhase;
			buildActionMask = 2147483647;
			files = (
				48989F9429D326FD007F19AF /* Preview Assets.xcassets in Resources */,
				48989F9129D326FD007F19AF /* Assets.xcassets in Resources */,
				483D025029D930E200B81B5A /* GoogleService-Info.plist in Resources */,
			);
			runOnlyForDeploymentPostprocessing = 0;
		};
/* End PBXResourcesBuildPhase section */

/* Begin PBXSourcesBuildPhase section */
		48989F8529D326FC007F19AF /* Sources */ = {
			isa = PBXSourcesBuildPhase;
			buildActionMask = 2147483647;
			files = (
				48D12D9429D76F77002B66E5 /* MealModel.xcdatamodeld in Sources */,
				4835301629D86C0A00891DFF /* TimeFormatting.swift in Sources */,
				48C4E3B229D8D9080093A846 /* DetailedView.swift in Sources */,
				48A1DF0129D466230087E007 /* NavBar.swift in Sources */,
				48989F8F29D326FC007F19AF /* ContentView.swift in Sources */,
				48989F9B29D33875007F19AF /* CalorieTracker.swift in Sources */,
				48989F9D29D33886007F19AF /* TrackerModel.swift in Sources */,
				48C4E3B029D8D8890093A846 /* AddMealView.swift in Sources */,
				483D025A29D9396000B81B5A /* SMSCodeViewController.swift in Sources */,
				483D025429D934C900B81B5A /* AuthManager.swift in Sources */,
				4835301A29D8828000891DFF /* CircleProgressBar.swift in Sources */,
				48989F8D29D326FC007F19AF /* CalorieTrackerApp.swift in Sources */,
			);
			runOnlyForDeploymentPostprocessing = 0;
		};
/* End PBXSourcesBuildPhase section */

/* Begin XCBuildConfiguration section */
		48989F9529D326FD007F19AF /* Debug */ = {
			isa = XCBuildConfiguration;
			buildSettings = {
				ALWAYS_SEARCH_USER_PATHS = NO;
				CLANG_ANALYZER_NONNULL = YES;
				CLANG_ANALYZER_NUMBER_OBJECT_CONVERSION = YES_AGGRESSIVE;
				CLANG_CXX_LANGUAGE_STANDARD = "gnu++20";
				CLANG_ENABLE_MODULES = YES;
				CLANG_ENABLE_OBJC_ARC = YES;
				CLANG_ENABLE_OBJC_WEAK = YES;
				CLANG_WARN_BLOCK_CAPTURE_AUTORELEASING = YES;
				CLANG_WARN_BOOL_CONVERSION = YES;
				CLANG_WARN_COMMA = YES;
				CLANG_WARN_CONSTANT_CONVERSION = YES;
				CLANG_WARN_DEPRECATED_OBJC_IMPLEMENTATIONS = YES;
				CLANG_WARN_DIRECT_OBJC_ISA_USAGE = YES_ERROR;
				CLANG_WARN_DOCUMENTATION_COMMENTS = YES;
				CLANG_WARN_EMPTY_BODY = YES;
				CLANG_WARN_ENUM_CONVERSION = YES;
				CLANG_WARN_INFINITE_RECURSION = YES;
				CLANG_WARN_INT_CONVERSION = YES;
				CLANG_WARN_NON_LITERAL_NULL_CONVERSION = YES;
				CLANG_WARN_OBJC_IMPLICIT_RETAIN_SELF = YES;
				CLANG_WARN_OBJC_LITERAL_CONVERSION = YES;
				CLANG_WARN_OBJC_ROOT_CLASS = YES_ERROR;
				CLANG_WARN_QUOTED_INCLUDE_IN_FRAMEWORK_HEADER = YES;
				CLANG_WARN_RANGE_LOOP_ANALYSIS = YES;
				CLANG_WARN_STRICT_PROTOTYPES = YES;
				CLANG_WARN_SUSPICIOUS_MOVE = YES;
				CLANG_WARN_UNGUARDED_AVAILABILITY = YES_AGGRESSIVE;
				CLANG_WARN_UNREACHABLE_CODE = YES;
				CLANG_WARN__DUPLICATE_METHOD_MATCH = YES;
				COPY_PHASE_STRIP = NO;
				DEBUG_INFORMATION_FORMAT = dwarf;
				ENABLE_STRICT_OBJC_MSGSEND = YES;
				ENABLE_TESTABILITY = YES;
				GCC_C_LANGUAGE_STANDARD = gnu11;
				GCC_DYNAMIC_NO_PIC = NO;
				GCC_NO_COMMON_BLOCKS = YES;
				GCC_OPTIMIZATION_LEVEL = 0;
				GCC_PREPROCESSOR_DEFINITIONS = (
					"DEBUG=1",
					"$(inherited)",
				);
				GCC_WARN_64_TO_32_BIT_CONVERSION = YES;
				GCC_WARN_ABOUT_RETURN_TYPE = YES_ERROR;
				GCC_WARN_UNDECLARED_SELECTOR = YES;
				GCC_WARN_UNINITIALIZED_AUTOS = YES_AGGRESSIVE;
				GCC_WARN_UNUSED_FUNCTION = YES;
				GCC_WARN_UNUSED_VARIABLE = YES;
				IPHONEOS_DEPLOYMENT_TARGET = 16.2;
				MTL_ENABLE_DEBUG_INFO = INCLUDE_SOURCE;
				MTL_FAST_MATH = YES;
				ONLY_ACTIVE_ARCH = YES;
				SDKROOT = iphoneos;
				SWIFT_ACTIVE_COMPILATION_CONDITIONS = DEBUG;
				SWIFT_OPTIMIZATION_LEVEL = "-Onone";
			};
			name = Debug;
		};
		48989F9629D326FD007F19AF /* Release */ = {
			isa = XCBuildConfiguration;
			buildSettings = {
				ALWAYS_SEARCH_USER_PATHS = NO;
				CLANG_ANALYZER_NONNULL = YES;
				CLANG_ANALYZER_NUMBER_OBJECT_CONVERSION = YES_AGGRESSIVE;
				CLANG_CXX_LANGUAGE_STANDARD = "gnu++20";
				CLANG_ENABLE_MODULES = YES;
				CLANG_ENABLE_OBJC_ARC = YES;
				CLANG_ENABLE_OBJC_WEAK = YES;
				CLANG_WARN_BLOCK_CAPTURE_AUTORELEASING = YES;
				CLANG_WARN_BOOL_CONVERSION = YES;
				CLANG_WARN_COMMA = YES;
				CLANG_WARN_CONSTANT_CONVERSION = YES;
				CLANG_WARN_DEPRECATED_OBJC_IMPLEMENTATIONS = YES;
				CLANG_WARN_DIRECT_OBJC_ISA_USAGE = YES_ERROR;
				CLANG_WARN_DOCUMENTATION_COMMENTS = YES;
				CLANG_WARN_EMPTY_BODY = YES;
				CLANG_WARN_ENUM_CONVERSION = YES;
				CLANG_WARN_INFINITE_RECURSION = YES;
				CLANG_WARN_INT_CONVERSION = YES;
				CLANG_WARN_NON_LITERAL_NULL_CONVERSION = YES;
				CLANG_WARN_OBJC_IMPLICIT_RETAIN_SELF = YES;
				CLANG_WARN_OBJC_LITERAL_CONVERSION = YES;
				CLANG_WARN_OBJC_ROOT_CLASS = YES_ERROR;
				CLANG_WARN_QUOTED_INCLUDE_IN_FRAMEWORK_HEADER = YES;
				CLANG_WARN_RANGE_LOOP_ANALYSIS = YES;
				CLANG_WARN_STRICT_PROTOTYPES = YES;
				CLANG_WARN_SUSPICIOUS_MOVE = YES;
				CLANG_WARN_UNGUARDED_AVAILABILITY = YES_AGGRESSIVE;
				CLANG_WARN_UNREACHABLE_CODE = YES;
				CLANG_WARN__DUPLICATE_METHOD_MATCH = YES;
				COPY_PHASE_STRIP = NO;
				DEBUG_INFORMATION_FORMAT = "dwarf-with-dsym";
				ENABLE_NS_ASSERTIONS = NO;
				ENABLE_STRICT_OBJC_MSGSEND = YES;
				GCC_C_LANGUAGE_STANDARD = gnu11;
				GCC_NO_COMMON_BLOCKS = YES;
				GCC_WARN_64_TO_32_BIT_CONVERSION = YES;
				GCC_WARN_ABOUT_RETURN_TYPE = YES_ERROR;
				GCC_WARN_UNDECLARED_SELECTOR = YES;
				GCC_WARN_UNINITIALIZED_AUTOS = YES_AGGRESSIVE;
				GCC_WARN_UNUSED_FUNCTION = YES;
				GCC_WARN_UNUSED_VARIABLE = YES;
				IPHONEOS_DEPLOYMENT_TARGET = 16.2;
				MTL_ENABLE_DEBUG_INFO = NO;
				MTL_FAST_MATH = YES;
				SDKROOT = iphoneos;
				SWIFT_COMPILATION_MODE = wholemodule;
				SWIFT_OPTIMIZATION_LEVEL = "-O";
				VALIDATE_PRODUCT = YES;
			};
			name = Release;
		};
		48989F9829D326FD007F19AF /* Debug */ = {
			isa = XCBuildConfiguration;
			buildSettings = {
				ASSETCATALOG_COMPILER_APPICON_NAME = AppIcon;
				ASSETCATALOG_COMPILER_GLOBAL_ACCENT_COLOR_NAME = AccentColor;
				CODE_SIGN_STYLE = Automatic;
				CURRENT_PROJECT_VERSION = 1;
				DEVELOPMENT_ASSET_PATHS = "\"CalorieTracker/Preview Content\"";
				DEVELOPMENT_TEAM = L46526JFTP;
				ENABLE_PREVIEWS = YES;
				GENERATE_INFOPLIST_FILE = YES;
				INFOPLIST_FILE = "Ongry-Info.plist";
				INFOPLIST_KEY_CFBundleDisplayName = Ongry;
				INFOPLIST_KEY_LSApplicationCategoryType = "public.app-category.healthcare-fitness";
				INFOPLIST_KEY_UIApplicationSceneManifest_Generation = YES;
				INFOPLIST_KEY_UIApplicationSupportsIndirectInputEvents = YES;
				INFOPLIST_KEY_UILaunchScreen_Generation = YES;
				INFOPLIST_KEY_UIRequiresFullScreen = YES;
				INFOPLIST_KEY_UISupportedInterfaceOrientations = UIInterfaceOrientationPortrait;
				IPHONEOS_DEPLOYMENT_TARGET = 16.0;
				LD_RUNPATH_SEARCH_PATHS = (
					"$(inherited)",
					"@executable_path/Frameworks",
				);
				MARKETING_VERSION = 0.1.0;
				PRODUCT_BUNDLE_IDENTIFIER = andrewchang.Ongry;
				PRODUCT_NAME = "$(TARGET_NAME)";
				SUPPORTED_PLATFORMS = "iphoneos iphonesimulator";
				SUPPORTS_MACCATALYST = NO;
				SUPPORTS_MAC_DESIGNED_FOR_IPHONE_IPAD = NO;
				SWIFT_EMIT_LOC_STRINGS = YES;
				SWIFT_VERSION = 5.0;
				TARGETED_DEVICE_FAMILY = 1;
			};
			name = Debug;
		};
		48989F9929D326FD007F19AF /* Release */ = {
			isa = XCBuildConfiguration;
			buildSettings = {
				ASSETCATALOG_COMPILER_APPICON_NAME = AppIcon;
				ASSETCATALOG_COMPILER_GLOBAL_ACCENT_COLOR_NAME = AccentColor;
				CODE_SIGN_STYLE = Automatic;
				CURRENT_PROJECT_VERSION = 1;
				DEVELOPMENT_ASSET_PATHS = "\"CalorieTracker/Preview Content\"";
				DEVELOPMENT_TEAM = L46526JFTP;
				ENABLE_PREVIEWS = YES;
				GENERATE_INFOPLIST_FILE = YES;
				INFOPLIST_FILE = "Ongry-Info.plist";
				INFOPLIST_KEY_CFBundleDisplayName = Ongry;
				INFOPLIST_KEY_LSApplicationCategoryType = "public.app-category.healthcare-fitness";
				INFOPLIST_KEY_UIApplicationSceneManifest_Generation = YES;
				INFOPLIST_KEY_UIApplicationSupportsIndirectInputEvents = YES;
				INFOPLIST_KEY_UILaunchScreen_Generation = YES;
				INFOPLIST_KEY_UIRequiresFullScreen = YES;
				INFOPLIST_KEY_UISupportedInterfaceOrientations = UIInterfaceOrientationPortrait;
				IPHONEOS_DEPLOYMENT_TARGET = 16.0;
				LD_RUNPATH_SEARCH_PATHS = (
					"$(inherited)",
					"@executable_path/Frameworks",
				);
				MARKETING_VERSION = 0.1.0;
				PRODUCT_BUNDLE_IDENTIFIER = andrewchang.Ongry;
				PRODUCT_NAME = "$(TARGET_NAME)";
				SUPPORTED_PLATFORMS = "iphoneos iphonesimulator";
				SUPPORTS_MACCATALYST = NO;
				SUPPORTS_MAC_DESIGNED_FOR_IPHONE_IPAD = NO;
				SWIFT_EMIT_LOC_STRINGS = YES;
				SWIFT_VERSION = 5.0;
				TARGETED_DEVICE_FAMILY = 1;
			};
			name = Release;
		};
/* End XCBuildConfiguration section */

/* Begin XCConfigurationList section */
		48989F8429D326FC007F19AF /* Build configuration list for PBXProject "Ongry" */ = {
			isa = XCConfigurationList;
			buildConfigurations = (
				48989F9529D326FD007F19AF /* Debug */,
				48989F9629D326FD007F19AF /* Release */,
			);
			defaultConfigurationIsVisible = 0;
			defaultConfigurationName = Release;
		};
		48989F9729D326FD007F19AF /* Build configuration list for PBXNativeTarget "Ongry" */ = {
			isa = XCConfigurationList;
			buildConfigurations = (
				48989F9829D326FD007F19AF /* Debug */,
				48989F9929D326FD007F19AF /* Release */,
			);
			defaultConfigurationIsVisible = 0;
			defaultConfigurationName = Release;
		};
/* End XCConfigurationList section */

/* Begin XCRemoteSwiftPackageReference section */
		483D024A29D92EE300B81B5A /* XCRemoteSwiftPackageReference "firebase-ios-sdk" */ = {
			isa = XCRemoteSwiftPackageReference;
			repositoryURL = "https://github.com/firebase/firebase-ios-sdk.git";
			requirement = {
				kind = upToNextMajorVersion;
				minimumVersion = 9.0.0;
			};
		};
/* End XCRemoteSwiftPackageReference section */

/* Begin XCSwiftPackageProductDependency section */
		483D024B29D92EE300B81B5A /* FirebaseAuth */ = {
			isa = XCSwiftPackageProductDependency;
			package = 483D024A29D92EE300B81B5A /* XCRemoteSwiftPackageReference "firebase-ios-sdk" */;
			productName = FirebaseAuth;
		};
		483D024D29D92EE300B81B5A /* FirebaseFirestore */ = {
			isa = XCSwiftPackageProductDependency;
			package = 483D024A29D92EE300B81B5A /* XCRemoteSwiftPackageReference "firebase-ios-sdk" */;
			productName = FirebaseFirestore;
		};
/* End XCSwiftPackageProductDependency section */

/* Begin XCVersionGroup section */
		48D12D9229D76F77002B66E5 /* MealModel.xcdatamodeld */ = {
			isa = XCVersionGroup;
			children = (
				48D12D9329D76F77002B66E5 /* MealModel.xcdatamodel */,
			);
			currentVersion = 48D12D9329D76F77002B66E5 /* MealModel.xcdatamodel */;
			path = MealModel.xcdatamodeld;
			sourceTree = "<group>";
			versionGroupType = wrapper.xcdatamodel;
		};
/* End XCVersionGroup section */
	};
	rootObject = 48989F8129D326FC007F19AF /* Project object */;
}
